
Microsoft Visual Studio Solution File, Format Version 12.00
# Visual Studio Version 16
VisualStudioVersion = 16.0.30413.136
MinimumVisualStudioVersion = 10.0.40219.1
Project("{FAE04EC0-301F-11D3-BF4B-00C04F79EFBC}") = "CustomGenerics", "CustomGenerics.csproj", "{1BE3825A-F379-4809-A04E-4B36EFD11DEF}"
EndProject
Project("{FAE04EC0-301F-11D3-BF4B-00C04F79EFBC}") = "IntegerTree", "..\IntegerTree\IntegerTree.csproj", "{890453C6-87B3-4095-B1FC-AFB1403AA1DA}"
EndProject
Project("{FAE04EC0-301F-11D3-BF4B-00C04F79EFBC}") = "API", "..\API\API.csproj", "{76F997F1-3E30-4CE6-B475-3106A96F7540}"
EndProject
Global
	GlobalSection(SolutionConfigurationPlatforms) = preSolution
		Debug|Any CPU = Debug|Any CPU
		Release|Any CPU = Release|Any CPU
	EndGlobalSection
	GlobalSection(ProjectConfigurationPlatforms) = postSolution
		{1BE3825A-F379-4809-A04E-4B36EFD11DEF}.Debug|Any CPU.ActiveCfg = Debug|Any CPU
		{1BE3825A-F379-4809-A04E-4B36EFD11DEF}.Debug|Any CPU.Build.0 = Debug|Any CPU
		{1BE3825A-F379-4809-A04E-4B36EFD11DEF}.Release|Any CPU.ActiveCfg = Release|Any CPU
		{1BE3825A-F379-4809-A04E-4B36EFD11DEF}.Release|Any CPU.Build.0 = Release|Any CPU
		{890453C6-87B3-4095-B1FC-AFB1403AA1DA}.Debug|Any CPU.ActiveCfg = Debug|Any CPU
		{890453C6-87B3-4095-B1FC-AFB1403AA1DA}.Debug|Any CPU.Build.0 = Debug|Any CPU
		{890453C6-87B3-4095-B1FC-AFB1403AA1DA}.Release|Any CPU.ActiveCfg = Release|Any CPU
		{890453C6-87B3-4095-B1FC-AFB1403AA1DA}.Release|Any CPU.Build.0 = Release|Any CPU
		{76F997F1-3E30-4CE6-B475-3106A96F7540}.Debug|Any CPU.ActiveCfg = Debug|Any CPU
		{76F997F1-3E30-4CE6-B475-3106A96F7540}.Debug|Any CPU.Build.0 = Debug|Any CPU
		{76F997F1-3E30-4CE6-B475-3106A96F7540}.Release|Any CPU.ActiveCfg = Release|Any CPU
		{76F997F1-3E30-4CE6-B475-3106A96F7540}.Release|Any CPU.Build.0 = Release|Any CPU
	EndGlobalSection
	GlobalSection(SolutionProperties) = preSolution
		HideSolutionNode = FALSE
	EndGlobalSection
	GlobalSection(ExtensibilityGlobals) = postSolution
		SolutionGuid = {3FEC3317-27C2-4823-B1FF-69FBF89D8C98}
	EndGlobalSection
EndGlobal
